
Microsoft Visual Studio Solution File, Format Version 12.00
# Visual Studio Version 17
VisualStudioVersion = 17.10.34928.147
MinimumVisualStudioVersion = 10.0.40219.1
Project("{FAE04EC0-301F-11D3-BF4B-00C04F79EFBC}") = "FHIR_IHE_API", "FHIR_IHE_API\FHIR_IHE_API.csproj", "{1ED45316-6A59-4B42-BB65-1E85AAB62D4A}"
EndProject
Global
	GlobalSection(SolutionConfigurationPlatforms) = preSolution
		Debug|Any CPU = Debug|Any CPU
		Release|Any CPU = Release|Any CPU
	EndGlobalSection
	GlobalSection(ProjectConfigurationPlatforms) = postSolution
		{1ED45316-6A59-4B42-BB65-1E85AAB62D4A}.Debug|Any CPU.ActiveCfg = Debug|Any CPU
		{1ED45316-6A59-4B42-BB65-1E85AAB62D4A}.Debug|Any CPU.Build.0 = Debug|Any CPU
		{1ED45316-6A59-4B42-BB65-1E85AAB62D4A}.Release|Any CPU.ActiveCfg = Release|Any CPU
		{1ED45316-6A59-4B42-BB65-1E85AAB62D4A}.Release|Any CPU.Build.0 = Release|Any CPU
	EndGlobalSection
	GlobalSection(SolutionProperties) = preSolution
		HideSolutionNode = FALSE
	EndGlobalSection
	GlobalSection(ExtensibilityGlobals) = postSolution
		SolutionGuid = {AE1A06D2-67AB-4CE2-8ACB-D4F4B6329082}
	EndGlobalSection
EndGlobal
